
Microsoft Visual Studio Solution File, Format Version 12.00
# Visual Studio 15
VisualStudioVersion = 15.0.27428.2015
MinimumVisualStudioVersion = 10.0.40219.1
Project("{FAE04EC0-301F-11D3-BF4B-00C04F79EFBC}") = "StoryMachine", "StoryMachine\StoryMachine.csproj", "{CE213790-D693-41D9-8FAC-7C5C59F256FF}"
EndProject
Global
	GlobalSection(SolutionConfigurationPlatforms) = preSolution
		Debug|Any CPU = Debug|Any CPU
		Release|Any CPU = Release|Any CPU
	EndGlobalSection
	GlobalSection(ProjectConfigurationPlatforms) = postSolution
		{CE213790-D693-41D9-8FAC-7C5C59F256FF}.Debug|Any CPU.ActiveCfg = Debug|Any CPU
		{CE213790-D693-41D9-8FAC-7C5C59F256FF}.Debug|Any CPU.Build.0 = Debug|Any CPU
		{CE213790-D693-41D9-8FAC-7C5C59F256FF}.Release|Any CPU.ActiveCfg = Release|Any CPU
		{CE213790-D693-41D9-8FAC-7C5C59F256FF}.Release|Any CPU.Build.0 = Release|Any CPU
	EndGlobalSection
	GlobalSection(SolutionProperties) = preSolution
		HideSolutionNode = FALSE
	EndGlobalSection
	GlobalSection(ExtensibilityGlobals) = postSolution
		SolutionGuid = {8CBEBC67-2287-458D-9944-F8090217A385}
	EndGlobalSection
EndGlobal
